{
  "name": "muslim-islam-discord-bot",
  "version": "1.0.0",
  "lockfileVersion": 1,
  "requires": true,
  "dependencies": {
    "@klasa/async-queue": {
      "version": "0.0.1",
      "resolved": "https://registry.npmjs.org/@klasa/async-queue/-/async-queue-0.0.1.tgz",
      "integrity": "sha512-k3fPWnnRL4YB5u2w6KypXRL0NPjJSgnvzKsjCjGkfoyGKrGqS1L9VVbsrRpf8LuwLbP7tjmyCK5dxmmn1w4jng=="
    },
    "@klasa/bitfield": {
      "version": "0.0.4",
      "resolved": "https://registry.npmjs.org/@klasa/bitfield/-/bitfield-0.0.4.tgz",
      "integrity": "sha512-2xuWtdseJyaSxJx5hlUMx2ESs42zJLTIHpurs2SeEZJq5Ve04jY7eQdelLB70cDgxGYOkdSIEgiK04SrD293sA=="
    },
    "@klasa/cache": {
      "version": "0.0.3",
      "resolved": "https://registry.npmjs.org/@klasa/cache/-/cache-0.0.3.tgz",
      "integrity": "sha512-8+V14gY0soYSd9j5NKel+gKpoEccwFnKYPEL2XALx+SOHzVMAmmfVBqO4cd3QzPdIW3770jklLY2SeXeEv9xvA=="
    },
    "@klasa/console": {
      "version": "0.0.3",
      "resolved": "https://registry.npmjs.org/@klasa/console/-/console-0.0.3.tgz",
      "integrity": "sha512-liZ83AqQd2K4NpqLIsSrelLL03o1jrKoC9vE5gltq6VyQ0QbjpbWnx4Mn9Ksx0elnO2mih33cnm5IXh0VoOCkA==",
      "requires": {
        "@klasa/timestamp": "^0.0.1",
        "@klasa/utils": "^0.0.8"
      }
    },
    "@klasa/core": {
      "version": "github:dirigeants/core#15f0dad15859698aedea0d393e39a4ed9569c2ae",
      "from": "github:dirigeants/core#15f0dad15859698aedea0d393e39a4ed9569c2ae",
      "requires": {
        "@klasa/bitfield": "^0.0.4",
        "@klasa/cache": "^0.0.3",
        "@klasa/dapi-types": "^0.3.0",
        "@klasa/event-iterator": "^0.0.10",
        "@klasa/rest": "^0.5.4",
        "@klasa/snowflake": "^0.0.1",
        "@klasa/timer-manager": "^0.0.1",
        "@klasa/utils": "^0.0.8",
        "@klasa/ws": "^0.0.14",
        "@types/node": "^14.0.22",
        "@types/node-fetch": "^2.5.7",
        "fs-nextra": "^0.5.1"
      },
      "dependencies": {
        "@types/node": {
          "version": "14.0.22",
          "resolved": "https://registry.npmjs.org/@types/node/-/node-14.0.22.tgz",
          "integrity": "sha512-emeGcJvdiZ4Z3ohbmw93E/64jRzUHAItSHt8nF7M4TGgQTiWqFVGB8KNpLGFmUHmHLvjvBgFwVlqNcq+VuGv9g=="
        }
      }
    },
    "@klasa/cron": {
      "version": "0.0.1",
      "resolved": "https://registry.npmjs.org/@klasa/cron/-/cron-0.0.1.tgz",
      "integrity": "sha512-YqT8ybFWY4CnW4il4IdntES+RV6vWEPQ5fZa3xzC3rhi6Nfq38yHTG0NtqqVqTlXZWyutgZq/2TPrCAk8jDd1A=="
    },
    "@klasa/dapi-types": {
      "version": "0.3.0",
      "resolved": "https://registry.npmjs.org/@klasa/dapi-types/-/dapi-types-0.3.0.tgz",
      "integrity": "sha512-9jG3b4XNXeNMCKECQcxd5u1A0YW2Ff75ywJYks9uTPSNu1x29ZAgYnkOag/NEB4PCItkfp2fik6FwNDmfnQ6cA=="
    },
    "@klasa/duration": {
      "version": "0.0.3",
      "resolved": "https://registry.npmjs.org/@klasa/duration/-/duration-0.0.3.tgz",
      "integrity": "sha512-T0RFw4c/TPwyzJ6yN7ZgC63Fo8epHWgsIFOk3S+Nb7GeMJhMPrRsGvcHTuocy4I1sDypMGUq+RfRtExx9kUdtQ=="
    },
    "@klasa/event-iterator": {
      "version": "0.0.10",
      "resolved": "https://registry.npmjs.org/@klasa/event-iterator/-/event-iterator-0.0.10.tgz",
      "integrity": "sha512-AUr8d9+4YeHN2/b1C8EVSZTfLut/+j2u8zcrKRt3BFP5kxdHSg+RSOJ7wP+gQ0dvrVZMQNwbIg/xFVr9G1EsLA=="
    },
    "@klasa/ratelimits": {
      "version": "0.0.1",
      "resolved": "https://registry.npmjs.org/@klasa/ratelimits/-/ratelimits-0.0.1.tgz",
      "integrity": "sha512-pn2Wq/g6xNAJ4UZ9tEEZSKVzu7k3KBC+yEza6uCQbmC3yu9mOK5M7dc0B0x1GViBNsTksVdUQGo4rkCWg38Pag==",
      "requires": {
        "@klasa/cache": "^0.0.3"
      }
    },
    "@klasa/request-handler": {
      "version": "0.0.3",
      "resolved": "https://registry.npmjs.org/@klasa/request-handler/-/request-handler-0.0.3.tgz",
      "integrity": "sha512-Z1O+Aa2kW/I4Uos4EZalByveIuQKRfuRx+JCsgsogDBd95N5Ub47AH+LEd5i+uzjnJ6iDHfodpVlaHojJ4Q+ZQ=="
    },
    "@klasa/rest": {
      "version": "0.5.4",
      "resolved": "https://registry.npmjs.org/@klasa/rest/-/rest-0.5.4.tgz",
      "integrity": "sha512-BMBUe46jpN+HzXbWswX/s3+LzB5yVxG9sOPF5Yu8mDHvnKT7CN2ddQ0nE1kEBHLl8B0P+bXT3FPTNDPoLDYfIQ==",
      "requires": {
        "@klasa/async-queue": "^0.0.1",
        "@klasa/cache": "^0.0.3",
        "@klasa/snowflake": "^0.0.1",
        "@klasa/timer-manager": "^0.0.1",
        "@klasa/utils": "^0.0.8",
        "abort-controller": "^3.0.0",
        "form-data": "^3.0.0",
        "node-fetch": "^2.6.0"
      }
    },
    "@klasa/snowflake": {
      "version": "0.0.1",
      "resolved": "https://registry.npmjs.org/@klasa/snowflake/-/snowflake-0.0.1.tgz",
      "integrity": "sha512-elUPFvucXTle1ZsI4RchlpuiWqBcMoCdaNBzYKKOUElzwKiv+BcKh1a4znYuw2V1cnPg0GVZYkgOiH5AGP5c5g=="
    },
    "@klasa/stopwatch": {
      "version": "0.0.1",
      "resolved": "https://registry.npmjs.org/@klasa/stopwatch/-/stopwatch-0.0.1.tgz",
      "integrity": "sha512-qKxiJoxju/mABXIajNHXPdbMqL8gtUgnDbhri1QEmhboBq9gwWSDnKZZNT3YXt/9w9THsJ+9s2j82PtYWxHDRw=="
    },
    "@klasa/timer-manager": {
      "version": "0.0.1",
      "resolved": "https://registry.npmjs.org/@klasa/timer-manager/-/timer-manager-0.0.1.tgz",
      "integrity": "sha512-1ElnhLXzqv4Iod/GS7+joZX71rhSxHBVDoTX8gnXF55BKXihv/p5tF3ddfx7Rn0kzUSQwJwJkyMO6QyaXMcB6A=="
    },
    "@klasa/timestamp": {
      "version": "0.0.1",
      "resolved": "https://registry.npmjs.org/@klasa/timestamp/-/timestamp-0.0.1.tgz",
      "integrity": "sha512-Oreeh+YawFcLvF5SWREBYQie8Net+KihA15ZRG8hOPYqCLRkkeRcf1xrPUdZelsXFGKV3lqpbdTvhyGOau92mA=="
    },
    "@klasa/type": {
      "version": "0.0.1",
      "resolved": "https://registry.npmjs.org/@klasa/type/-/type-0.0.1.tgz",
      "integrity": "sha512-gCacZ/FtVyYw+lJy5FmuHPfVkrLwN0FiAwLck2BLVgpUcalaC4GHIyK9U2CiHcegwPYDK8/Ef7yBwUC/xkGi3Q=="
    },
    "@klasa/utils": {
      "version": "0.0.8",
      "resolved": "https://registry.npmjs.org/@klasa/utils/-/utils-0.0.8.tgz",
      "integrity": "sha512-6G/P9/HM8fTanKUFPrODFmmD3ff8Jwr7gG//2BsTeWfGBBulDn/H8ObWRJjIu81nLKX1I4iQ1jNcK5uOfso6ug=="
    },
    "@klasa/ws": {
      "version": "0.0.14",
      "resolved": "https://registry.npmjs.org/@klasa/ws/-/ws-0.0.14.tgz",
      "integrity": "sha512-lSvcXMUGBDvqK+Y5wtEJORoZTNwj+krUJdMln6oQURTikQ16Wvq5Uyx9TA3nsKk5Ht5DSBkfHGW1qe246HDYDQ==",
      "requires": {
        "@klasa/async-queue": "^0.0.1",
        "@klasa/bitfield": "^0.0.3",
        "@klasa/cache": "^0.0.3",
        "@klasa/utils": "^0.0.8",
        "bufferutil": "^4.0.1",
        "utf-8-validate": "^5.0.2",
        "ws": "^7.3.0",
        "zlib-sync": "^0.1.7"
      },
      "dependencies": {
        "@klasa/bitfield": {
          "version": "0.0.3",
          "resolved": "https://registry.npmjs.org/@klasa/bitfield/-/bitfield-0.0.3.tgz",
          "integrity": "sha512-U8xrqbfg8Eqq+IL4TMy7rDG+QlJjQPGVel1aqVcIqJV2/XpQvsqIBz0UMUO3mEw7UsLN5E3Z71QpSIDvCfJWrg=="
        }
      }
    },
    "@types/node": {
      "version": "14.0.13",
      "resolved": "https://registry.npmjs.org/@types/node/-/node-14.0.13.tgz",
      "integrity": "sha512-rouEWBImiRaSJsVA+ITTFM6ZxibuAlTuNOCyxVbwreu6k6+ujs7DfnU9o+PShFhET78pMBl3eH+AGSI5eOTkPA=="
    },
    "@types/node-fetch": {
      "version": "2.5.7",
      "resolved": "https://registry.npmjs.org/@types/node-fetch/-/node-fetch-2.5.7.tgz",
      "integrity": "sha512-o2WVNf5UhWRkxlf6eq+jMZDu7kjgpgJfl4xVNlvryc95O/6F2ld8ztKX+qu+Rjyet93WAWm5LjeX9H5FGkODvw==",
      "requires": {
        "@types/node": "*",
        "form-data": "^3.0.0"
      }
    },
    "abort-controller": {
      "version": "3.0.0",
      "resolved": "https://registry.npmjs.org/abort-controller/-/abort-controller-3.0.0.tgz",
      "integrity": "sha512-h8lQ8tacZYnR3vNQTgibj+tODHI5/+l06Au2Pcriv/Gmet0eaj4TwWH41sO9wnHDiQsEj19q0drzdWdeAHtweg==",
      "requires": {
        "event-target-shim": "^5.0.0"
      }
    },
    "asynckit": {
      "version": "0.4.0",
      "resolved": "https://registry.npmjs.org/asynckit/-/asynckit-0.4.0.tgz",
      "integrity": "sha1-x57Zf380y48robyXkLzDZkdLS3k="
    },
    "bufferutil": {
      "version": "4.0.1",
      "resolved": "https://registry.npmjs.org/bufferutil/-/bufferutil-4.0.1.tgz",
      "integrity": "sha512-xowrxvpxojqkagPcWRQVXZl0YXhRhAtBEIq3VoER1NH5Mw1n1o0ojdspp+GS2J//2gCVyrzQDApQ4unGF+QOoA==",
      "optional": true,
      "requires": {
        "node-gyp-build": "~3.7.0"
      }
    },
    "combined-stream": {
      "version": "1.0.8",
      "resolved": "https://registry.npmjs.org/combined-stream/-/combined-stream-1.0.8.tgz",
      "integrity": "sha512-FQN4MRfuJeHf7cBbBMJFXhKSDq+2kAArBlmRBvcvFE5BB1HZKXtSFASDhdlz9zOYwxh8lDdnvmMOe/+5cdoEdg==",
      "requires": {
        "delayed-stream": "~1.0.0"
      }
    },
    "delayed-stream": {
      "version": "1.0.0",
      "resolved": "https://registry.npmjs.org/delayed-stream/-/delayed-stream-1.0.0.tgz",
      "integrity": "sha1-3zrhmayt+31ECqrgsp4icrJOxhk="
    },
    "discord-md-tags": {
      "version": "0.0.6",
      "resolved": "https://registry.npmjs.org/discord-md-tags/-/discord-md-tags-0.0.6.tgz",
      "integrity": "sha512-W3wiKU+JX0NnDSQbFUcTVorO0hnIRdSStVzz+hXdrMfbV2PrGXeEUh+d25HVtwe8660mZYEyTwapBGprhuL5uw=="
    },
    "event-target-shim": {
      "version": "5.0.1",
      "resolved": "https://registry.npmjs.org/event-target-shim/-/event-target-shim-5.0.1.tgz",
      "integrity": "sha512-i/2XbnSz/uxRCU6+NdVJgKWDTM427+MqYbkQzD321DuCQJUqOuJKIA0IM2+W2xtYHdKOmZ4dR6fExsd4SXL+WQ=="
    },
    "form-data": {
      "version": "3.0.0",
      "resolved": "https://registry.npmjs.org/form-data/-/form-data-3.0.0.tgz",
      "integrity": "sha512-CKMFDglpbMi6PyN+brwB9Q/GOw0eAnsrEZDgcsH5Krhz5Od/haKHAX0NmQfha2zPPz0JpWzA7GJHGSnvCRLWsg==",
      "requires": {
        "asynckit": "^0.4.0",
        "combined-stream": "^1.0.8",
        "mime-types": "^2.1.12"
      }
    },
    "fs-nextra": {
      "version": "0.5.1",
      "resolved": "https://registry.npmjs.org/fs-nextra/-/fs-nextra-0.5.1.tgz",
      "integrity": "sha512-93pi+T9yVoiUduWeLCkxgnSHWiJoplFdINdUZtNhH//DCoW7/Ee3St/NjVIdkc0UuCeU9+WVWHK+AX2JmRIMBw=="
    },
    "klasa": {
      "version": "github:dirigeants/klasa#98ede49bc25d5a2956752217794373590001b8f4",
      "from": "github:dirigeants/klasa#build",
      "requires": {
        "@klasa/cache": "^0.0.3",
        "@klasa/console": "^0.0.3",
        "@klasa/cron": "^0.0.1",
        "@klasa/duration": "^0.0.3",
        "@klasa/ratelimits": "^0.0.1",
        "@klasa/request-handler": "^0.0.3",
        "@klasa/stopwatch": "^0.0.1",
        "@klasa/timer-manager": "0.0.1",
        "@klasa/timestamp": "^0.0.1",
        "@klasa/type": "^0.0.1",
        "@klasa/utils": "^0.0.8",
        "discord-md-tags": "0.0.6",
        "fs-nextra": "^0.5.1"
      }
    },
    "mime-db": {
      "version": "1.44.0",
      "resolved": "https://registry.npmjs.org/mime-db/-/mime-db-1.44.0.tgz",
      "integrity": "sha512-/NOTfLrsPBVeH7YtFPgsVWveuL+4SjjYxaQ1xtM1KMFj7HdxlBlxeyNLzhyJVx7r4rZGJAZ/6lkKCitSc/Nmpg=="
    },
    "mime-types": {
      "version": "2.1.27",
      "resolved": "https://registry.npmjs.org/mime-types/-/mime-types-2.1.27.tgz",
      "integrity": "sha512-JIhqnCasI9yD+SsmkquHBxTSEuZdQX5BuQnS2Vc7puQQQ+8yiP5AY5uWhpdv4YL4VM5c6iliiYWPgJ/nJQLp7w==",
      "requires": {
        "mime-db": "1.44.0"
      }
    },
    "nan": {
      "version": "2.14.1",
      "resolved": "https://registry.npmjs.org/nan/-/nan-2.14.1.tgz",
      "integrity": "sha512-isWHgVjnFjh2x2yuJ/tj3JbwoHu3UC2dX5G/88Cm24yB6YopVgxvBObDY7n5xW6ExmFhJpSEQqFPvq9zaXc8Jw==",
      "optional": true
    },
    "node-fetch": {
      "version": "2.6.0",
      "resolved": "https://registry.npmjs.org/node-fetch/-/node-fetch-2.6.0.tgz",
      "integrity": "sha512-8dG4H5ujfvFiqDmVu9fQ5bOHUC15JMjMY/Zumv26oOvvVJjM67KF8koCWIabKQ1GJIa9r2mMZscBq/TbdOcmNA=="
    },
    "node-gyp-build": {
      "version": "3.7.0",
      "resolved": "https://registry.npmjs.org/node-gyp-build/-/node-gyp-build-3.7.0.tgz",
      "integrity": "sha512-L/Eg02Epx6Si2NXmedx+Okg+4UHqmaf3TNcxd50SF9NQGcJaON3AtU++kax69XV7YWz4tUspqZSAsVofhFKG2w==",
      "optional": true
    },
    "typescript": {
      "version": "3.9.5",
      "resolved": "https://registry.npmjs.org/typescript/-/typescript-3.9.5.tgz",
      "integrity": "sha512-hSAifV3k+i6lEoCJ2k6R2Z/rp/H3+8sdmcn5NrS3/3kE7+RyZXm9aqvxWqjEXHAd8b0pShatpcdMTvEdvAJltQ==",
      "dev": true
    },
    "utf-8-validate": {
      "version": "5.0.2",
      "resolved": "https://registry.npmjs.org/utf-8-validate/-/utf-8-validate-5.0.2.tgz",
      "integrity": "sha512-SwV++i2gTD5qh2XqaPzBnNX88N6HdyhQrNNRykvcS0QKvItV9u3vPEJr+X5Hhfb1JC0r0e1alL0iB09rY8+nmw==",
      "optional": true,
      "requires": {
        "node-gyp-build": "~3.7.0"
      }
    },
    "ws": {
      "version": "7.3.1",
      "resolved": "https://registry.npmjs.org/ws/-/ws-7.3.1.tgz",
      "integrity": "sha512-D3RuNkynyHmEJIpD2qrgVkc9DQ23OrN/moAwZX4L8DfvszsJxpjQuUq3LMx6HoYji9fbIOBY18XWBsAux1ZZUA=="
    },
    "zlib-sync": {
      "version": "0.1.7",
      "resolved": "https://registry.npmjs.org/zlib-sync/-/zlib-sync-0.1.7.tgz",
      "integrity": "sha512-UmciU6ZrIwtwPC8noMzq+kGMdiWwNRZ3wC0SbED4Ew5Ikqx14MqDPRs/Pbk+3rZPh5SzsOgUBs1WRE0iieddpg==",
      "optional": true,
      "requires": {
        "nan": "^2.14.0"
      }
    }
  }
}
