{
  "name": "muslim-islam-discord-bot",
  "version": "1.0.0",
  "lockfileVersion": 3,
  "requires": true,
  "packages": {
    "": {
      "name": "muslim-islam-discord-bot",
      "version": "1.0.0",
      "license": "ISC",
      "dependencies": {
        "@discordeno/bot": "^19.0.0-next.5c42bdd",
        "@prisma/client": "^4.13.0",
        "typescript": "^5.0.4"
      },
      "devDependencies": {
        "@types/node": "^18.16.0",
        "prisma": "^4.13.0"
      }
    },
    "node_modules/@discordeno/bot": {
      "version": "19.0.0-next.5c42bdd",
      "resolved": "https://registry.npmjs.org/@discordeno/bot/-/bot-19.0.0-next.5c42bdd.tgz",
      "integrity": "sha512-z+3505QF4o3wIG8dAqsMA+BdEQWgAEYHL21JmL1rJdkOm/inC8gxGTWzeILw+H8htAq087EOkY+G/x2dbC5Djg==",
      "dependencies": {
        "@discordeno/gateway": "19.0.0-next.5c42bdd",
        "@discordeno/rest": "19.0.0-next.5c42bdd",
        "@discordeno/types": "19.0.0-next.5c42bdd",
        "@discordeno/utils": "19.0.0-next.5c42bdd"
      }
    },
    "node_modules/@discordeno/gateway": {
      "version": "19.0.0-next.5c42bdd",
      "resolved": "https://registry.npmjs.org/@discordeno/gateway/-/gateway-19.0.0-next.5c42bdd.tgz",
      "integrity": "sha512-4oNq+1Y7cSP0lSAjZCGvOC+Z19Fdtb5bsfFlM5R9V+DVvcSJ5TKsGsOF5D8efOn+WnYkTj0drgicISDvAOZDhA==",
      "dependencies": {
        "@discordeno/types": "19.0.0-next.5c42bdd",
        "@discordeno/utils": "19.0.0-next.5c42bdd",
        "ws": "^8.13.0"
      }
    },
    "node_modules/@discordeno/rest": {
      "version": "19.0.0-next.5c42bdd",
      "resolved": "https://registry.npmjs.org/@discordeno/rest/-/rest-19.0.0-next.5c42bdd.tgz",
      "integrity": "sha512-cFz8H67v0axs+q30n7yiiwg/1S1Z3f6JsJ5wBU4aFmurvsdvDFarwaNwvO8uKTZZ/q/O9Tp26BdwZs8dCn/gPQ==",
      "dependencies": {
        "@discordeno/types": "19.0.0-next.5c42bdd",
        "@discordeno/utils": "19.0.0-next.5c42bdd",
        "dotenv": "^16.0.3"
      }
    },
    "node_modules/@discordeno/types": {
      "version": "19.0.0-next.5c42bdd",
      "resolved": "https://registry.npmjs.org/@discordeno/types/-/types-19.0.0-next.5c42bdd.tgz",
      "integrity": "sha512-czsawf2NALLOc39VDySwIromTuxYv4F/00lzUM5g1srXd1g4wBk1QCdcifCYofM874YFguvtwGgPZHgaH3E7Sg=="
    },
    "node_modules/@discordeno/utils": {
      "version": "19.0.0-next.5c42bdd",
      "resolved": "https://registry.npmjs.org/@discordeno/utils/-/utils-19.0.0-next.5c42bdd.tgz",
      "integrity": "sha512-b6mgRkkhhHsI3YIjaO/iPAgQOMZVpEtvyQ1LEVyws7tAjjB0gC466/+0NfR9qg2+aKF2GpoXX6jqp2zyVgLTDQ==",
      "dependencies": {
        "@discordeno/types": "19.0.0-next.5c42bdd",
        "tweetnacl": "^1.0.3"
      }
    },
    "node_modules/@prisma/client": {
      "version": "4.13.0",
      "resolved": "https://registry.npmjs.org/@prisma/client/-/client-4.13.0.tgz",
      "integrity": "sha512-YaiiICcRB2hatxsbnfB66uWXjcRw3jsZdlAVxmx0cFcTc/Ad/sKdHCcWSnqyDX47vAewkjRFwiLwrOUjswVvmA==",
      "hasInstallScript": true,
      "dependencies": {
        "@prisma/engines-version": "4.13.0-50.1e7af066ee9cb95cf3a403c78d9aab3e6b04f37a"
      },
      "engines": {
        "node": ">=14.17"
      },
      "peerDependencies": {
        "prisma": "*"
      },
      "peerDependenciesMeta": {
        "prisma": {
          "optional": true
        }
      }
    },
    "node_modules/@prisma/engines": {
      "version": "4.13.0",
      "resolved": "https://registry.npmjs.org/@prisma/engines/-/engines-4.13.0.tgz",
      "integrity": "sha512-HrniowHRZXHuGT9XRgoXEaP2gJLXM5RMoItaY2PkjvuZ+iHc0Zjbm/302MB8YsPdWozAPHHn+jpFEcEn71OgPw==",
      "devOptional": true,
      "hasInstallScript": true
    },
    "node_modules/@prisma/engines-version": {
      "version": "4.13.0-50.1e7af066ee9cb95cf3a403c78d9aab3e6b04f37a",
      "resolved": "https://registry.npmjs.org/@prisma/engines-version/-/engines-version-4.13.0-50.1e7af066ee9cb95cf3a403c78d9aab3e6b04f37a.tgz",
      "integrity": "sha512-fsQlbkhPJf08JOzKoyoD9atdUijuGBekwoOPZC3YOygXEml1MTtgXVpnUNchQlRSY82OQ6pSGQ9PxUe4arcSLQ=="
    },
    "node_modules/@types/node": {
      "version": "18.16.0",
      "resolved": "https://registry.npmjs.org/@types/node/-/node-18.16.0.tgz",
      "integrity": "sha512-BsAaKhB+7X+H4GnSjGhJG9Qi8Tw+inU9nJDwmD5CgOmBLEI6ArdhikpLX7DjbjDRDTbqZzU2LSQNZg8WGPiSZQ==",
      "dev": true
    },
    "node_modules/dotenv": {
      "version": "16.0.3",
      "resolved": "https://registry.npmjs.org/dotenv/-/dotenv-16.0.3.tgz",
      "integrity": "sha512-7GO6HghkA5fYG9TYnNxi14/7K9f5occMlp3zXAuSxn7CKCxt9xbNWG7yF8hTCSUchlfWSe3uLmlPfigevRItzQ==",
      "engines": {
        "node": ">=12"
      }
    },
    "node_modules/prisma": {
      "version": "4.13.0",
      "resolved": "https://registry.npmjs.org/prisma/-/prisma-4.13.0.tgz",
      "integrity": "sha512-L9mqjnSmvWIRCYJ9mQkwCtj4+JDYYTdhoyo8hlsHNDXaZLh/b4hR0IoKIBbTKxZuyHQzLopb/+0Rvb69uGV7uA==",
      "devOptional": true,
      "hasInstallScript": true,
      "dependencies": {
        "@prisma/engines": "4.13.0"
      },
      "bin": {
        "prisma": "build/index.js",
        "prisma2": "build/index.js"
      },
      "engines": {
        "node": ">=14.17"
      }
    },
    "node_modules/tweetnacl": {
      "version": "1.0.3",
      "resolved": "https://registry.npmjs.org/tweetnacl/-/tweetnacl-1.0.3.tgz",
      "integrity": "sha512-6rt+RN7aOi1nGMyC4Xa5DdYiukl2UWCbcJft7YhxReBGQD7OAM8Pbxw6YMo4r2diNEA8FEmu32YOn9rhaiE5yw=="
    },
    "node_modules/typescript": {
      "version": "5.0.4",
      "resolved": "https://registry.npmjs.org/typescript/-/typescript-5.0.4.tgz",
      "integrity": "sha512-cW9T5W9xY37cc+jfEnaUvX91foxtHkza3Nw3wkoF4sSlKn0MONdkdEndig/qPBWXNkmplh3NzayQzCiHM4/hqw==",
      "bin": {
        "tsc": "bin/tsc",
        "tsserver": "bin/tsserver"
      },
      "engines": {
        "node": ">=12.20"
      }
    },
    "node_modules/ws": {
      "version": "8.13.0",
      "resolved": "https://registry.npmjs.org/ws/-/ws-8.13.0.tgz",
      "integrity": "sha512-x9vcZYTrFPC7aSIbj7sRCYo7L/Xb8Iy+pW0ng0wt2vCJv7M9HOMy0UoN3rr+IFC7hb7vXoqS+P9ktyLLLhO+LA==",
      "engines": {
        "node": ">=10.0.0"
      },
      "peerDependencies": {
        "bufferutil": "^4.0.1",
        "utf-8-validate": ">=5.0.2"
      },
      "peerDependenciesMeta": {
        "bufferutil": {
          "optional": true
        },
        "utf-8-validate": {
          "optional": true
        }
      }
    }
  }
}
